
Microsoft Visual Studio Solution File, Format Version 12.00
# Visual Studio Version 16
VisualStudioVersion = 16.0.30011.22
MinimumVisualStudioVersion = 10.0.40219.1
Project("{FAE04EC0-301F-11D3-BF4B-00C04F79EFBC}") = "RWilliams_CIT234_Final", "RWilliams_CIT234_Final\RWilliams_CIT234_Final.csproj", "{5F1A55BC-CD95-4080-8835-DC1BEE51201E}"
EndProject
Global
	GlobalSection(SolutionConfigurationPlatforms) = preSolution
		Debug|Any CPU = Debug|Any CPU
		Release|Any CPU = Release|Any CPU
	EndGlobalSection
	GlobalSection(ProjectConfigurationPlatforms) = postSolution
		{5F1A55BC-CD95-4080-8835-DC1BEE51201E}.Debug|Any CPU.ActiveCfg = Debug|Any CPU
		{5F1A55BC-CD95-4080-8835-DC1BEE51201E}.Debug|Any CPU.Build.0 = Debug|Any CPU
		{5F1A55BC-CD95-4080-8835-DC1BEE51201E}.Release|Any CPU.ActiveCfg = Release|Any CPU
		{5F1A55BC-CD95-4080-8835-DC1BEE51201E}.Release|Any CPU.Build.0 = Release|Any CPU
	EndGlobalSection
	GlobalSection(SolutionProperties) = preSolution
		HideSolutionNode = FALSE
	EndGlobalSection
	GlobalSection(ExtensibilityGlobals) = postSolution
		SolutionGuid = {F9042ABE-68C0-4DBE-88D3-46FE0AC4D1DF}
	EndGlobalSection
EndGlobal
